
Microsoft Visual Studio Solution File, Format Version 12.00
# Visual Studio Version 16
VisualStudioVersion = 16.0.28822.285
MinimumVisualStudioVersion = 10.0.40219.1
Project("{FAE04EC0-301F-11D3-BF4B-00C04F79EFBC}") = "DFe.Net.Facade.Domain.Testes", "DFe.Net.Facade.Domain.Testes\DFe.Net.Facade.Domain.Testes.csproj", "{83F919EE-73F0-450F-8C6A-5CD3D430FDBC}"
EndProject
Project("{FAE04EC0-301F-11D3-BF4B-00C04F79EFBC}") = "DFe.Net.Facade.Domain", "DFe.Net.Facade.Domain\DFe.Net.Facade.Domain.csproj", "{D2BA5268-A08F-4102-89DC-52E33C9A992E}"
EndProject
Global
	GlobalSection(SolutionConfigurationPlatforms) = preSolution
		Debug|Any CPU = Debug|Any CPU
		Release|Any CPU = Release|Any CPU
	EndGlobalSection
	GlobalSection(ProjectConfigurationPlatforms) = postSolution
		{83F919EE-73F0-450F-8C6A-5CD3D430FDBC}.Debug|Any CPU.ActiveCfg = Debug|Any CPU
		{83F919EE-73F0-450F-8C6A-5CD3D430FDBC}.Debug|Any CPU.Build.0 = Debug|Any CPU
		{83F919EE-73F0-450F-8C6A-5CD3D430FDBC}.Release|Any CPU.ActiveCfg = Release|Any CPU
		{83F919EE-73F0-450F-8C6A-5CD3D430FDBC}.Release|Any CPU.Build.0 = Release|Any CPU
		{D2BA5268-A08F-4102-89DC-52E33C9A992E}.Debug|Any CPU.ActiveCfg = Debug|Any CPU
		{D2BA5268-A08F-4102-89DC-52E33C9A992E}.Debug|Any CPU.Build.0 = Debug|Any CPU
		{D2BA5268-A08F-4102-89DC-52E33C9A992E}.Release|Any CPU.ActiveCfg = Release|Any CPU
		{D2BA5268-A08F-4102-89DC-52E33C9A992E}.Release|Any CPU.Build.0 = Release|Any CPU
	EndGlobalSection
	GlobalSection(SolutionProperties) = preSolution
		HideSolutionNode = FALSE
	EndGlobalSection
	GlobalSection(ExtensibilityGlobals) = postSolution
		SolutionGuid = {99C07247-B229-4087-8180-252C91AD79E6}
	EndGlobalSection
EndGlobal
